// !$*UTF8*$!
{
	archiveVersion = 1;
	classes = {
	};
	objectVersion = 50;
	objects = {

/* Begin PBXBuildFile section */
		36F6D36423BC825E006A3740 /* AppDelegate.swift in Sources */ = {isa = PBXBuildFile; fileRef = 36F6D36323BC825E006A3740 /* AppDelegate.swift */; };
		36F6D36623BC825E006A3740 /* SceneDelegate.swift in Sources */ = {isa = PBXBuildFile; fileRef = 36F6D36523BC825E006A3740 /* SceneDelegate.swift */; };
		36F6D36823BC825E006A3740 /* ContentView.swift in Sources */ = {isa = PBXBuildFile; fileRef = 36F6D36723BC825E006A3740 /* ContentView.swift */; };
		36F6D36A23BC8262006A3740 /* Assets.xcassets in Resources */ = {isa = PBXBuildFile; fileRef = 36F6D36923BC8262006A3740 /* Assets.xcassets */; };
		36F6D36D23BC8262006A3740 /* Preview Assets.xcassets in Resources */ = {isa = PBXBuildFile; fileRef = 36F6D36C23BC8262006A3740 /* Preview Assets.xcassets */; };
		36F6D37023BC8262006A3740 /* LaunchScreen.storyboard in Resources */ = {isa = PBXBuildFile; fileRef = 36F6D36E23BC8262006A3740 /* LaunchScreen.storyboard */; };
		36F6D37B23BC8262006A3740 /* LandmarksTests.swift in Sources */ = {isa = PBXBuildFile; fileRef = 36F6D37A23BC8262006A3740 /* LandmarksTests.swift */; };
		36F6D38623BC8262006A3740 /* LandmarksUITests.swift in Sources */ = {isa = PBXBuildFile; fileRef = 36F6D38523BC8262006A3740 /* LandmarksUITests.swift */; };
/* End PBXBuildFile section */

/* Begin PBXContainerItemProxy section */
		36F6D37723BC8262006A3740 /* PBXContainerItemProxy */ = {
			isa = PBXContainerItemProxy;
			containerPortal = 36F6D35823BC825E006A3740 /* Project object */;
			proxyType = 1;
			remoteGlobalIDString = 36F6D35F23BC825E006A3740;
			remoteInfo = Landmarks;
		};
		36F6D38223BC8262006A3740 /* PBXContainerItemProxy */ = {
			isa = PBXContainerItemProxy;
			containerPortal = 36F6D35823BC825E006A3740 /* Project object */;
			proxyType = 1;
			remoteGlobalIDString = 36F6D35F23BC825E006A3740;
			remoteInfo = Landmarks;
		};
/* End PBXContainerItemProxy section */

/* Begin PBXFileReference section */
		36F6D36023BC825E006A3740 /* Landmarks.app */ = {isa = PBXFileReference; explicitFileType = wrapper.application; includeInIndex = 0; path = Landmarks.app; sourceTree = BUILT_PRODUCTS_DIR; };
		36F6D36323BC825E006A3740 /* AppDelegate.swift */ = {isa = PBXFileReference; lastKnownFileType = sourcecode.swift; path = AppDelegate.swift; sourceTree = "<group>"; };
		36F6D36523BC825E006A3740 /* SceneDelegate.swift */ = {isa = PBXFileReference; lastKnownFileType = sourcecode.swift; path = SceneDelegate.swift; sourceTree = "<group>"; };
		36F6D36723BC825E006A3740 /* ContentView.swift */ = {isa = PBXFileReference; lastKnownFileType = sourcecode.swift; path = ContentView.swift; sourceTree = "<group>"; };
		36F6D36923BC8262006A3740 /* Assets.xcassets */ = {isa = PBXFileReference; lastKnownFileType = folder.assetcatalog; path = Assets.xcassets; sourceTree = "<group>"; };
		36F6D36C23BC8262006A3740 /* Preview Assets.xcassets */ = {isa = PBXFileReference; lastKnownFileType = folder.assetcatalog; path = "Preview Assets.xcassets"; sourceTree = "<group>"; };
		36F6D36F23BC8262006A3740 /* Base */ = {isa = PBXFileReference; lastKnownFileType = file.storyboard; name = Base; path = Base.lproj/LaunchScreen.storyboard; sourceTree = "<group>"; };
		36F6D37123BC8262006A3740 /* Info.plist */ = {isa = PBXFileReference; lastKnownFileType = text.plist.xml; path = Info.plist; sourceTree = "<group>"; };
		36F6D37623BC8262006A3740 /* LandmarksTests.xctest */ = {isa = PBXFileReference; explicitFileType = wrapper.cfbundle; includeInIndex = 0; path = LandmarksTests.xctest; sourceTree = BUILT_PRODUCTS_DIR; };
		36F6D37A23BC8262006A3740 /* LandmarksTests.swift */ = {isa = PBXFileReference; lastKnownFileType = sourcecode.swift; path = LandmarksTests.swift; sourceTree = "<group>"; };
		36F6D37C23BC8262006A3740 /* Info.plist */ = {isa = PBXFileReference; lastKnownFileType = text.plist.xml; path = Info.plist; sourceTree = "<group>"; };
		36F6D38123BC8262006A3740 /* LandmarksUITests.xctest */ = {isa = PBXFileReference; explicitFileType = wrapper.cfbundle; includeInIndex = 0; path = LandmarksUITests.xctest; sourceTree = BUILT_PRODUCTS_DIR; };
		36F6D38523BC8262006A3740 /* LandmarksUITests.swift */ = {isa = PBXFileReference; lastKnownFileType = sourcecode.swift; path = LandmarksUITests.swift; sourceTree = "<group>"; };
		36F6D38723BC8262006A3740 /* Info.plist */ = {isa = PBXFileReference; lastKnownFileType = text.plist.xml; path = Info.plist; sourceTree = "<group>"; };
/* End PBXFileReference section */

/* Begin PBXFrameworksBuildPhase section */
		36F6D35D23BC825E006A3740 /* Frameworks */ = {
			isa = PBXFrameworksBuildPhase;
			buildActionMask = 2147483647;
			files = (
			);
			runOnlyForDeploymentPostprocessing = 0;
		};
		36F6D37323BC8262006A3740 /* Frameworks */ = {
			isa = PBXFrameworksBuildPhase;
			buildActionMask = 2147483647;
			files = (
			);
			runOnlyForDeploymentPostprocessing = 0;
		};
		36F6D37E23BC8262006A3740 /* Frameworks */ = {
			isa = PBXFrameworksBuildPhase;
			buildActionMask = 2147483647;
			files = (
			);
			runOnlyForDeploymentPostprocessing = 0;
		};
/* End PBXFrameworksBuildPhase section */

/* Begin PBXGroup section */
		36F6D35723BC825E006A3740 = {
			isa = PBXGroup;
			children = (
				36F6D36223BC825E006A3740 /* Landmarks */,
				36F6D37923BC8262006A3740 /* LandmarksTests */,
				36F6D38423BC8262006A3740 /* LandmarksUITests */,
				36F6D36123BC825E006A3740 /* Products */,
			);
			sourceTree = "<group>";
		};
		36F6D36123BC825E006A3740 /* Products */ = {
			isa = PBXGroup;
			children = (
				36F6D36023BC825E006A3740 /* Landmarks.app */,
				36F6D37623BC8262006A3740 /* LandmarksTests.xctest */,
				36F6D38123BC8262006A3740 /* LandmarksUITests.xctest */,
			);
			name = Products;
			sourceTree = "<group>";
		};
		36F6D36223BC825E006A3740 /* Landmarks */ = {
			isa = PBXGroup;
			children = (
				36F6D36323BC825E006A3740 /* AppDelegate.swift */,
				36F6D36523BC825E006A3740 /* SceneDelegate.swift */,
				36F6D36723BC825E006A3740 /* ContentView.swift */,
				36F6D36923BC8262006A3740 /* Assets.xcassets */,
				36F6D36E23BC8262006A3740 /* LaunchScreen.storyboard */,
				36F6D37123BC8262006A3740 /* Info.plist */,
				36F6D36B23BC8262006A3740 /* Preview Content */,
			);
			path = Landmarks;
			sourceTree = "<group>";
		};
		36F6D36B23BC8262006A3740 /* Preview Content */ = {
			isa = PBXGroup;
			children = (
				36F6D36C23BC8262006A3740 /* Preview Assets.xcassets */,
			);
			path = "Preview Content";
			sourceTree = "<group>";
		};
		36F6D37923BC8262006A3740 /* LandmarksTests */ = {
			isa = PBXGroup;
			children = (
				36F6D37A23BC8262006A3740 /* LandmarksTests.swift */,
				36F6D37C23BC8262006A3740 /* Info.plist */,
			);
			path = LandmarksTests;
			sourceTree = "<group>";
		};
		36F6D38423BC8262006A3740 /* LandmarksUITests */ = {
			isa = PBXGroup;
			children = (
				36F6D38523BC8262006A3740 /* LandmarksUITests.swift */,
				36F6D38723BC8262006A3740 /* Info.plist */,
			);
			path = LandmarksUITests;
			sourceTree = "<group>";
		};
/* End PBXGroup section */

/* Begin PBXNativeTarget section */
		36F6D35F23BC825E006A3740 /* Landmarks */ = {
			isa = PBXNativeTarget;
			buildConfigurationList = 36F6D38A23BC8262006A3740 /* Build configuration list for PBXNativeTarget "Landmarks" */;
			buildPhases = (
				36F6D35C23BC825E006A3740 /* Sources */,
				36F6D35D23BC825E006A3740 /* Frameworks */,
				36F6D35E23BC825E006A3740 /* Resources */,
			);
			buildRules = (
			);
			dependencies = (
			);
			name = Landmarks;
			productName = Landmarks;
			productReference = 36F6D36023BC825E006A3740 /* Landmarks.app */;
			productType = "com.apple.product-type.application";
		};
		36F6D37523BC8262006A3740 /* LandmarksTests */ = {
			isa = PBXNativeTarget;
			buildConfigurationList = 36F6D38D23BC8262006A3740 /* Build configuration list for PBXNativeTarget "LandmarksTests" */;
			buildPhases = (
				36F6D37223BC8262006A3740 /* Sources */,
				36F6D37323BC8262006A3740 /* Frameworks */,
				36F6D37423BC8262006A3740 /* Resources */,
			);
			buildRules = (
			);
			dependencies = (
				36F6D37823BC8262006A3740 /* PBXTargetDependency */,
			);
			name = LandmarksTests;
			productName = LandmarksTests;
			productReference = 36F6D37623BC8262006A3740 /* LandmarksTests.xctest */;
			productType = "com.apple.product-type.bundle.unit-test";
		};
		36F6D38023BC8262006A3740 /* LandmarksUITests */ = {
			isa = PBXNativeTarget;
			buildConfigurationList = 36F6D39023BC8262006A3740 /* Build configuration list for PBXNativeTarget "LandmarksUITests" */;
			buildPhases = (
				36F6D37D23BC8262006A3740 /* Sources */,
				36F6D37E23BC8262006A3740 /* Frameworks */,
				36F6D37F23BC8262006A3740 /* Resources */,
			);
			buildRules = (
			);
			dependencies = (
				36F6D38323BC8262006A3740 /* PBXTargetDependency */,
			);
			name = LandmarksUITests;
			productName = LandmarksUITests;
			productReference = 36F6D38123BC8262006A3740 /* LandmarksUITests.xctest */;
			productType = "com.apple.product-type.bundle.ui-testing";
		};
/* End PBXNativeTarget section */

/* Begin PBXProject section */
		36F6D35823BC825E006A3740 /* Project object */ = {
			isa = PBXProject;
			attributes = {
				LastSwiftUpdateCheck = 1130;
				LastUpgradeCheck = 1130;
				ORGANIZATIONNAME = tkz;
				TargetAttributes = {
					36F6D35F23BC825E006A3740 = {
						CreatedOnToolsVersion = 11.3;
					};
					36F6D37523BC8262006A3740 = {
						CreatedOnToolsVersion = 11.3;
						TestTargetID = 36F6D35F23BC825E006A3740;
					};
					36F6D38023BC8262006A3740 = {
						CreatedOnToolsVersion = 11.3;
						TestTargetID = 36F6D35F23BC825E006A3740;
					};
				};
			};
			buildConfigurationList = 36F6D35B23BC825E006A3740 /* Build configuration list for PBXProject "Landmarks" */;
			compatibilityVersion = "Xcode 9.3";
			developmentRegion = en;
			hasScannedForEncodings = 0;
			knownRegions = (
				en,
				Base,
			);
			mainGroup = 36F6D35723BC825E006A3740;
			productRefGroup = 36F6D36123BC825E006A3740 /* Products */;
			projectDirPath = "";
			projectRoot = "";
			targets = (
				36F6D35F23BC825E006A3740 /* Landmarks */,
				36F6D37523BC8262006A3740 /* LandmarksTests */,
				36F6D38023BC8262006A3740 /* LandmarksUITests */,
			);
		};
/* End PBXProject section */

/* Begin PBXResourcesBuildPhase section */
		36F6D35E23BC825E006A3740 /* Resources */ = {
			isa = PBXResourcesBuildPhase;
			buildActionMask = 2147483647;
			files = (
				36F6D37023BC8262006A3740 /* LaunchScreen.storyboard in Resources */,
				36F6D36D23BC8262006A3740 /* Preview Assets.xcassets in Resources */,
				36F6D36A23BC8262006A3740 /* Assets.xcassets in Resources */,
			);
			runOnlyForDeploymentPostprocessing = 0;
		};
		36F6D37423BC8262006A3740 /* Resources */ = {
			isa = PBXResourcesBuildPhase;
			buildActionMask = 2147483647;
			files = (
			);
			runOnlyForDeploymentPostprocessing = 0;
		};
		36F6D37F23BC8262006A3740 /* Resources */ = {
			isa = PBXResourcesBuildPhase;
			buildActionMask = 2147483647;
			files = (
			);
			runOnlyForDeploymentPostprocessing = 0;
		};
/* End PBXResourcesBuildPhase section */

/* Begin PBXSourcesBuildPhase section */
		36F6D35C23BC825E006A3740 /* Sources */ = {
			isa = PBXSourcesBuildPhase;
			buildActionMask = 2147483647;
			files = (
				36F6D36423BC825E006A3740 /* AppDelegate.swift in Sources */,
				36F6D36623BC825E006A3740 /* SceneDelegate.swift in Sources */,
				36F6D36823BC825E006A3740 /* ContentView.swift in Sources */,
			);
			runOnlyForDeploymentPostprocessing = 0;
		};
		36F6D37223BC8262006A3740 /* Sources */ = {
			isa = PBXSourcesBuildPhase;
			buildActionMask = 2147483647;
			files = (
				36F6D37B23BC8262006A3740 /* LandmarksTests.swift in Sources */,
			);
			runOnlyForDeploymentPostprocessing = 0;
		};
		36F6D37D23BC8262006A3740 /* Sources */ = {
			isa = PBXSourcesBuildPhase;
			buildActionMask = 2147483647;
			files = (
				36F6D38623BC8262006A3740 /* LandmarksUITests.swift in Sources */,
			);
			runOnlyForDeploymentPostprocessing = 0;
		};
/* End PBXSourcesBuildPhase section */

/* Begin PBXTargetDependency section */
		36F6D37823BC8262006A3740 /* PBXTargetDependency */ = {
			isa = PBXTargetDependency;
			target = 36F6D35F23BC825E006A3740 /* Landmarks */;
			targetProxy = 36F6D37723BC8262006A3740 /* PBXContainerItemProxy */;
		};
		36F6D38323BC8262006A3740 /* PBXTargetDependency */ = {
			isa = PBXTargetDependency;
			target = 36F6D35F23BC825E006A3740 /* Landmarks */;
			targetProxy = 36F6D38223BC8262006A3740 /* PBXContainerItemProxy */;
		};
/* End PBXTargetDependency section */

/* Begin PBXVariantGroup section */
		36F6D36E23BC8262006A3740 /* LaunchScreen.storyboard */ = {
			isa = PBXVariantGroup;
			children = (
				36F6D36F23BC8262006A3740 /* Base */,
			);
			name = LaunchScreen.storyboard;
			sourceTree = "<group>";
		};
/* End PBXVariantGroup section */

/* Begin XCBuildConfiguration section */
		36F6D38823BC8262006A3740 /* Debug */ = {
			isa = XCBuildConfiguration;
			buildSettings = {
				ALWAYS_SEARCH_USER_PATHS = NO;
				CLANG_ANALYZER_NONNULL = YES;
				CLANG_ANALYZER_NUMBER_OBJECT_CONVERSION = YES_AGGRESSIVE;
				CLANG_CXX_LANGUAGE_STANDARD = "gnu++14";
				CLANG_CXX_LIBRARY = "libc++";
				CLANG_ENABLE_MODULES = YES;
				CLANG_ENABLE_OBJC_ARC = YES;
				CLANG_ENABLE_OBJC_WEAK = YES;
				CLANG_WARN_BLOCK_CAPTURE_AUTORELEASING = YES;
				CLANG_WARN_BOOL_CONVERSION = YES;
				CLANG_WARN_COMMA = YES;
				CLANG_WARN_CONSTANT_CONVERSION = YES;
				CLANG_WARN_DEPRECATED_OBJC_IMPLEMENTATIONS = YES;
				CLANG_WARN_DIRECT_OBJC_ISA_USAGE = YES_ERROR;
				CLANG_WARN_DOCUMENTATION_COMMENTS = YES;
				CLANG_WARN_EMPTY_BODY = YES;
				CLANG_WARN_ENUM_CONVERSION = YES;
				CLANG_WARN_INFINITE_RECURSION = YES;
				CLANG_WARN_INT_CONVERSION = YES;
				CLANG_WARN_NON_LITERAL_NULL_CONVERSION = YES;
				CLANG_WARN_OBJC_IMPLICIT_RETAIN_SELF = YES;
				CLANG_WARN_OBJC_LITERAL_CONVERSION = YES;
				CLANG_WARN_OBJC_ROOT_CLASS = YES_ERROR;
				CLANG_WARN_RANGE_LOOP_ANALYSIS = YES;
				CLANG_WARN_STRICT_PROTOTYPES = YES;
				CLANG_WARN_SUSPICIOUS_MOVE = YES;
				CLANG_WARN_UNGUARDED_AVAILABILITY = YES_AGGRESSIVE;
				CLANG_WARN_UNREACHABLE_CODE = YES;
				CLANG_WARN__DUPLICATE_METHOD_MATCH = YES;
				COPY_PHASE_STRIP = NO;
				DEBUG_INFORMATION_FORMAT = dwarf;
				ENABLE_STRICT_OBJC_MSGSEND = YES;
				ENABLE_TESTABILITY = YES;
				GCC_C_LANGUAGE_STANDARD = gnu11;
				GCC_DYNAMIC_NO_PIC = NO;
				GCC_NO_COMMON_BLOCKS = YES;
				GCC_OPTIMIZATION_LEVEL = 0;
				GCC_PREPROCESSOR_DEFINITIONS = (
					"DEBUG=1",
					"$(inherited)",
				);
				GCC_WARN_64_TO_32_BIT_CONVERSION = YES;
				GCC_WARN_ABOUT_RETURN_TYPE = YES_ERROR;
				GCC_WARN_UNDECLARED_SELECTOR = YES;
				GCC_WARN_UNINITIALIZED_AUTOS = YES_AGGRESSIVE;
				GCC_WARN_UNUSED_FUNCTION = YES;
				GCC_WARN_UNUSED_VARIABLE = YES;
				IPHONEOS_DEPLOYMENT_TARGET = 13.2;
				MTL_ENABLE_DEBUG_INFO = INCLUDE_SOURCE;
				MTL_FAST_MATH = YES;
				ONLY_ACTIVE_ARCH = YES;
				SDKROOT = iphoneos;
				SWIFT_ACTIVE_COMPILATION_CONDITIONS = DEBUG;
				SWIFT_OPTIMIZATION_LEVEL = "-Onone";
			};
			name = Debug;
		};
		36F6D38923BC8262006A3740 /* Release */ = {
			isa = XCBuildConfiguration;
			buildSettings = {
				ALWAYS_SEARCH_USER_PATHS = NO;
				CLANG_ANALYZER_NONNULL = YES;
				CLANG_ANALYZER_NUMBER_OBJECT_CONVERSION = YES_AGGRESSIVE;
				CLANG_CXX_LANGUAGE_STANDARD = "gnu++14";
				CLANG_CXX_LIBRARY = "libc++";
				CLANG_ENABLE_MODULES = YES;
				CLANG_ENABLE_OBJC_ARC = YES;
				CLANG_ENABLE_OBJC_WEAK = YES;
				CLANG_WARN_BLOCK_CAPTURE_AUTORELEASING = YES;
				CLANG_WARN_BOOL_CONVERSION = YES;
				CLANG_WARN_COMMA = YES;
				CLANG_WARN_CONSTANT_CONVERSION = YES;
				CLANG_WARN_DEPRECATED_OBJC_IMPLEMENTATIONS = YES;
				CLANG_WARN_DIRECT_OBJC_ISA_USAGE = YES_ERROR;
				CLANG_WARN_DOCUMENTATION_COMMENTS = YES;
				CLANG_WARN_EMPTY_BODY = YES;
				CLANG_WARN_ENUM_CONVERSION = YES;
				CLANG_WARN_INFINITE_RECURSION = YES;
				CLANG_WARN_INT_CONVERSION = YES;
				CLANG_WARN_NON_LITERAL_NULL_CONVERSION = YES;
				CLANG_WARN_OBJC_IMPLICIT_RETAIN_SELF = YES;
				CLANG_WARN_OBJC_LITERAL_CONVERSION = YES;
				CLANG_WARN_OBJC_ROOT_CLASS = YES_ERROR;
				CLANG_WARN_RANGE_LOOP_ANALYSIS = YES;
				CLANG_WARN_STRICT_PROTOTYPES = YES;
				CLANG_WARN_SUSPICIOUS_MOVE = YES;
				CLANG_WARN_UNGUARDED_AVAILABILITY = YES_AGGRESSIVE;
				CLANG_WARN_UNREACHABLE_CODE = YES;
				CLANG_WARN__DUPLICATE_METHOD_MATCH = YES;
				COPY_PHASE_STRIP = NO;
				DEBUG_INFORMATION_FORMAT = "dwarf-with-dsym";
				ENABLE_NS_ASSERTIONS = NO;
				ENABLE_STRICT_OBJC_MSGSEND = YES;
				GCC_C_LANGUAGE_STANDARD = gnu11;
				GCC_NO_COMMON_BLOCKS = YES;
				GCC_WARN_64_TO_32_BIT_CONVERSION = YES;
				GCC_WARN_ABOUT_RETURN_TYPE = YES_ERROR;
				GCC_WARN_UNDECLARED_SELECTOR = YES;
				GCC_WARN_UNINITIALIZED_AUTOS = YES_AGGRESSIVE;
				GCC_WARN_UNUSED_FUNCTION = YES;
				GCC_WARN_UNUSED_VARIABLE = YES;
				IPHONEOS_DEPLOYMENT_TARGET = 13.2;
				MTL_ENABLE_DEBUG_INFO = NO;
				MTL_FAST_MATH = YES;
				SDKROOT = iphoneos;
				SWIFT_COMPILATION_MODE = wholemodule;
				SWIFT_OPTIMIZATION_LEVEL = "-O";
				VALIDATE_PRODUCT = YES;
			};
			name = Release;
		};
		36F6D38B23BC8262006A3740 /* Debug */ = {
			isa = XCBuildConfiguration;
			buildSettings = {
				ASSETCATALOG_COMPILER_APPICON_NAME = AppIcon;
				CODE_SIGN_STYLE = Automatic;
				DEVELOPMENT_ASSET_PATHS = "\"Landmarks/Preview Content\"";
				ENABLE_PREVIEWS = YES;
				INFOPLIST_FILE = Landmarks/Info.plist;
				LD_RUNPATH_SEARCH_PATHS = (
					"$(inherited)",
					"@executable_path/Frameworks",
				);
				PRODUCT_BUNDLE_IDENTIFIER = dev.tkz.Landmarks;
				PRODUCT_NAME = "$(TARGET_NAME)";
				SWIFT_VERSION = 5.0;
				TARGETED_DEVICE_FAMILY = "1,2";
			};
			name = Debug;
		};
		36F6D38C23BC8262006A3740 /* Release */ = {
			isa = XCBuildConfiguration;
			buildSettings = {
				ASSETCATALOG_COMPILER_APPICON_NAME = AppIcon;
				CODE_SIGN_STYLE = Automatic;
				DEVELOPMENT_ASSET_PATHS = "\"Landmarks/Preview Content\"";
				ENABLE_PREVIEWS = YES;
				INFOPLIST_FILE = Landmarks/Info.plist;
				LD_RUNPATH_SEARCH_PATHS = (
					"$(inherited)",
					"@executable_path/Frameworks",
				);
				PRODUCT_BUNDLE_IDENTIFIER = dev.tkz.Landmarks;
				PRODUCT_NAME = "$(TARGET_NAME)";
				SWIFT_VERSION = 5.0;
				TARGETED_DEVICE_FAMILY = "1,2";
			};
			name = Release;
		};
		36F6D38E23BC8262006A3740 /* Debug */ = {
			isa = XCBuildConfiguration;
			buildSettings = {
				ALWAYS_EMBED_SWIFT_STANDARD_LIBRARIES = YES;
				BUNDLE_LOADER = "$(TEST_HOST)";
				CODE_SIGN_STYLE = Automatic;
				INFOPLIST_FILE = LandmarksTests/Info.plist;
				IPHONEOS_DEPLOYMENT_TARGET = 13.2;
				LD_RUNPATH_SEARCH_PATHS = (
					"$(inherited)",
					"@executable_path/Frameworks",
					"@loader_path/Frameworks",
				);
				PRODUCT_BUNDLE_IDENTIFIER = dev.tkz.LandmarksTests;
				PRODUCT_NAME = "$(TARGET_NAME)";
				SWIFT_VERSION = 5.0;
				TARGETED_DEVICE_FAMILY = "1,2";
				TEST_HOST = "$(BUILT_PRODUCTS_DIR)/Landmarks.app/Landmarks";
			};
			name = Debug;
		};
		36F6D38F23BC8262006A3740 /* Release */ = {
			isa = XCBuildConfiguration;
			buildSettings = {
				ALWAYS_EMBED_SWIFT_STANDARD_LIBRARIES = YES;
				BUNDLE_LOADER = "$(TEST_HOST)";
				CODE_SIGN_STYLE = Automatic;
				INFOPLIST_FILE = LandmarksTests/Info.plist;
				IPHONEOS_DEPLOYMENT_TARGET = 13.2;
				LD_RUNPATH_SEARCH_PATHS = (
					"$(inherited)",
					"@executable_path/Frameworks",
					"@loader_path/Frameworks",
				);
				PRODUCT_BUNDLE_IDENTIFIER = dev.tkz.LandmarksTests;
				PRODUCT_NAME = "$(TARGET_NAME)";
				SWIFT_VERSION = 5.0;
				TARGETED_DEVICE_FAMILY = "1,2";
				TEST_HOST = "$(BUILT_PRODUCTS_DIR)/Landmarks.app/Landmarks";
			};
			name = Release;
		};
		36F6D39123BC8262006A3740 /* Debug */ = {
			isa = XCBuildConfiguration;
			buildSettings = {
				ALWAYS_EMBED_SWIFT_STANDARD_LIBRARIES = YES;
				CODE_SIGN_STYLE = Automatic;
				INFOPLIST_FILE = LandmarksUITests/Info.plist;
				LD_RUNPATH_SEARCH_PATHS = (
					"$(inherited)",
					"@executable_path/Frameworks",
					"@loader_path/Frameworks",
				);
				PRODUCT_BUNDLE_IDENTIFIER = dev.tkz.LandmarksUITests;
				PRODUCT_NAME = "$(TARGET_NAME)";
				SWIFT_VERSION = 5.0;
				TARGETED_DEVICE_FAMILY = "1,2";
				TEST_TARGET_NAME = Landmarks;
			};
			name = Debug;
		};
		36F6D39223BC8262006A3740 /* Release */ = {
			isa = XCBuildConfiguration;
			buildSettings = {
				ALWAYS_EMBED_SWIFT_STANDARD_LIBRARIES = YES;
				CODE_SIGN_STYLE = Automatic;
				INFOPLIST_FILE = LandmarksUITests/Info.plist;
				LD_RUNPATH_SEARCH_PATHS = (
					"$(inherited)",
					"@executable_path/Frameworks",
					"@loader_path/Frameworks",
				);
				PRODUCT_BUNDLE_IDENTIFIER = dev.tkz.LandmarksUITests;
				PRODUCT_NAME = "$(TARGET_NAME)";
				SWIFT_VERSION = 5.0;
				TARGETED_DEVICE_FAMILY = "1,2";
				TEST_TARGET_NAME = Landmarks;
			};
			name = Release;
		};
/* End XCBuildConfiguration section */

/* Begin XCConfigurationList section */
		36F6D35B23BC825E006A3740 /* Build configuration list for PBXProject "Landmarks" */ = {
			isa = XCConfigurationList;
			buildConfigurations = (
				36F6D38823BC8262006A3740 /* Debug */,
				36F6D38923BC8262006A3740 /* Release */,
			);
			defaultConfigurationIsVisible = 0;
			defaultConfigurationName = Release;
		};
		36F6D38A23BC8262006A3740 /* Build configuration list for PBXNativeTarget "Landmarks" */ = {
			isa = XCConfigurationList;
			buildConfigurations = (
				36F6D38B23BC8262006A3740 /* Debug */,
				36F6D38C23BC8262006A3740 /* Release */,
			);
			defaultConfigurationIsVisible = 0;
			defaultConfigurationName = Release;
		};
		36F6D38D23BC8262006A3740 /* Build configuration list for PBXNativeTarget "LandmarksTests" */ = {
			isa = XCConfigurationList;
			buildConfigurations = (
				36F6D38E23BC8262006A3740 /* Debug */,
				36F6D38F23BC8262006A3740 /* Release */,
			);
			defaultConfigurationIsVisible = 0;
			defaultConfigurationName = Release;
		};
		36F6D39023BC8262006A3740 /* Build configuration list for PBXNativeTarget "LandmarksUITests" */ = {
			isa = XCConfigurationList;
			buildConfigurations = (
				36F6D39123BC8262006A3740 /* Debug */,
				36F6D39223BC8262006A3740 /* Release */,
			);
			defaultConfigurationIsVisible = 0;
			defaultConfigurationName = Release;
		};
/* End XCConfigurationList section */
	};
	rootObject = 36F6D35823BC825E006A3740 /* Project object */;
}
